
Microsoft Visual Studio Solution File, Format Version 12.00
# Visual Studio Version 17
VisualStudioVersion = 17.10.35013.160
MinimumVisualStudioVersion = 10.0.40219.1
Project("{8BC9CEB8-8B4A-11D0-8D11-00A0C91BC942}") = "Section18Project", "Section18Project\Section18Project.vcxproj", "{2D9C6D41-955A-4EAB-A44D-CDA049322C11}"
EndProject
Project("{8BC9CEB8-8B4A-11D0-8D11-00A0C91BC942}") = "exception", "exception\exception.vcxproj", "{2509A197-E4CD-4D4C-BD0F-D6FD39BE65E1}"
EndProject
Project("{8BC9CEB8-8B4A-11D0-8D11-00A0C91BC942}") = "StackUnwinding", "StackUnwinding\StackUnwinding.vcxproj", "{48DEF1D8-CBF8-4235-A03B-47BF52CF27D4}"
EndProject
Project("{8BC9CEB8-8B4A-11D0-8D11-00A0C91BC942}") = "FunctionExceptionClasses", "FunctionExceptionClasses\FunctionExceptionClasses.vcxproj", "{8B5FBEDE-21E2-401D-9661-675CC03A9568}"
EndProject
Project("{8BC9CEB8-8B4A-11D0-8D11-00A0C91BC942}") = "ConstructorException", "ConstructorException\ConstructorException.vcxproj", "{F5A57011-960B-4FC1-9EC7-B4CD146092D7}"
EndProject
Global
	GlobalSection(SolutionConfigurationPlatforms) = preSolution
		Debug|x64 = Debug|x64
		Debug|x86 = Debug|x86
		Release|x64 = Release|x64
		Release|x86 = Release|x86
	EndGlobalSection
	GlobalSection(ProjectConfigurationPlatforms) = postSolution
		{2D9C6D41-955A-4EAB-A44D-CDA049322C11}.Debug|x64.ActiveCfg = Debug|x64
		{2D9C6D41-955A-4EAB-A44D-CDA049322C11}.Debug|x64.Build.0 = Debug|x64
		{2D9C6D41-955A-4EAB-A44D-CDA049322C11}.Debug|x86.ActiveCfg = Debug|Win32
		{2D9C6D41-955A-4EAB-A44D-CDA049322C11}.Debug|x86.Build.0 = Debug|Win32
		{2D9C6D41-955A-4EAB-A44D-CDA049322C11}.Release|x64.ActiveCfg = Release|x64
		{2D9C6D41-955A-4EAB-A44D-CDA049322C11}.Release|x64.Build.0 = Release|x64
		{2D9C6D41-955A-4EAB-A44D-CDA049322C11}.Release|x86.ActiveCfg = Release|Win32
		{2D9C6D41-955A-4EAB-A44D-CDA049322C11}.Release|x86.Build.0 = Release|Win32
		{2509A197-E4CD-4D4C-BD0F-D6FD39BE65E1}.Debug|x64.ActiveCfg = Debug|x64
		{2509A197-E4CD-4D4C-BD0F-D6FD39BE65E1}.Debug|x64.Build.0 = Debug|x64
		{2509A197-E4CD-4D4C-BD0F-D6FD39BE65E1}.Debug|x86.ActiveCfg = Debug|Win32
		{2509A197-E4CD-4D4C-BD0F-D6FD39BE65E1}.Debug|x86.Build.0 = Debug|Win32
		{2509A197-E4CD-4D4C-BD0F-D6FD39BE65E1}.Release|x64.ActiveCfg = Release|x64
		{2509A197-E4CD-4D4C-BD0F-D6FD39BE65E1}.Release|x64.Build.0 = Release|x64
		{2509A197-E4CD-4D4C-BD0F-D6FD39BE65E1}.Release|x86.ActiveCfg = Release|Win32
		{2509A197-E4CD-4D4C-BD0F-D6FD39BE65E1}.Release|x86.Build.0 = Release|Win32
		{48DEF1D8-CBF8-4235-A03B-47BF52CF27D4}.Debug|x64.ActiveCfg = Debug|x64
		{48DEF1D8-CBF8-4235-A03B-47BF52CF27D4}.Debug|x64.Build.0 = Debug|x64
		{48DEF1D8-CBF8-4235-A03B-47BF52CF27D4}.Debug|x86.ActiveCfg = Debug|Win32
		{48DEF1D8-CBF8-4235-A03B-47BF52CF27D4}.Debug|x86.Build.0 = Debug|Win32
		{48DEF1D8-CBF8-4235-A03B-47BF52CF27D4}.Release|x64.ActiveCfg = Release|x64
		{48DEF1D8-CBF8-4235-A03B-47BF52CF27D4}.Release|x64.Build.0 = Release|x64
		{48DEF1D8-CBF8-4235-A03B-47BF52CF27D4}.Release|x86.ActiveCfg = Release|Win32
		{48DEF1D8-CBF8-4235-A03B-47BF52CF27D4}.Release|x86.Build.0 = Release|Win32
		{8B5FBEDE-21E2-401D-9661-675CC03A9568}.Debug|x64.ActiveCfg = Debug|x64
		{8B5FBEDE-21E2-401D-9661-675CC03A9568}.Debug|x64.Build.0 = Debug|x64
		{8B5FBEDE-21E2-401D-9661-675CC03A9568}.Debug|x86.ActiveCfg = Debug|Win32
		{8B5FBEDE-21E2-401D-9661-675CC03A9568}.Debug|x86.Build.0 = Debug|Win32
		{8B5FBEDE-21E2-401D-9661-675CC03A9568}.Release|x64.ActiveCfg = Release|x64
		{8B5FBEDE-21E2-401D-9661-675CC03A9568}.Release|x64.Build.0 = Release|x64
		{8B5FBEDE-21E2-401D-9661-675CC03A9568}.Release|x86.ActiveCfg = Release|Win32
		{8B5FBEDE-21E2-401D-9661-675CC03A9568}.Release|x86.Build.0 = Release|Win32
		{F5A57011-960B-4FC1-9EC7-B4CD146092D7}.Debug|x64.ActiveCfg = Debug|x64
		{F5A57011-960B-4FC1-9EC7-B4CD146092D7}.Debug|x64.Build.0 = Debug|x64
		{F5A57011-960B-4FC1-9EC7-B4CD146092D7}.Debug|x86.ActiveCfg = Debug|Win32
		{F5A57011-960B-4FC1-9EC7-B4CD146092D7}.Debug|x86.Build.0 = Debug|Win32
		{F5A57011-960B-4FC1-9EC7-B4CD146092D7}.Release|x64.ActiveCfg = Release|x64
		{F5A57011-960B-4FC1-9EC7-B4CD146092D7}.Release|x64.Build.0 = Release|x64
		{F5A57011-960B-4FC1-9EC7-B4CD146092D7}.Release|x86.ActiveCfg = Release|Win32
		{F5A57011-960B-4FC1-9EC7-B4CD146092D7}.Release|x86.Build.0 = Release|Win32
	EndGlobalSection
	GlobalSection(SolutionProperties) = preSolution
		HideSolutionNode = FALSE
	EndGlobalSection
	GlobalSection(ExtensibilityGlobals) = postSolution
		SolutionGuid = {565CBC51-A5B6-4433-900F-DDB7B9AEA099}
	EndGlobalSection
EndGlobal
