
Microsoft Visual Studio Solution File, Format Version 12.00
# Visual Studio Version 17
VisualStudioVersion = 17.10.35013.160
MinimumVisualStudioVersion = 10.0.40219.1
Project("{8BC9CEB8-8B4A-11D0-8D11-00A0C91BC942}") = "Manip_Boolean", "Manip_Boolean\Manip_Boolean.vcxproj", "{118BDD14-F26E-404C-BD12-D4FD6D1EA1B3}"
EndProject
Project("{8BC9CEB8-8B4A-11D0-8D11-00A0C91BC942}") = "Manip_Integer", "Manip_Integer\Manip_Integer.vcxproj", "{B79C7F08-6EE2-4751-AB08-10F82F6E6B91}"
EndProject
Project("{8BC9CEB8-8B4A-11D0-8D11-00A0C91BC942}") = "Manip_Floating", "Manip_Floating\Manip_Floating.vcxproj", "{BC240578-018C-40F8-9010-DDA9C7C6A1D9}"
EndProject
Project("{8BC9CEB8-8B4A-11D0-8D11-00A0C91BC942}") = "Manip_Fields", "Manip_Fields\Manip_Fields.vcxproj", "{A61C3CFC-BB32-46AC-BB09-1F9EC61D6680}"
EndProject
Project("{8BC9CEB8-8B4A-11D0-8D11-00A0C91BC942}") = "Challenge_1", "Challenge_1\Challenge_1.vcxproj", "{A6FA81B0-360A-4BED-9841-54C2FB65B6C6}"
EndProject
Project("{8BC9CEB8-8B4A-11D0-8D11-00A0C91BC942}") = "ReadFile_1", "ReadFile_1\ReadFile_1.vcxproj", "{11F5C339-38CA-4D2F-948B-7FF68763F81E}"
EndProject
Project("{8BC9CEB8-8B4A-11D0-8D11-00A0C91BC942}") = "Read_File3", "Read_File3\Read_File3.vcxproj", "{E68E662E-F776-4945-A4B1-6EACCEB837B3}"
EndProject
Project("{8BC9CEB8-8B4A-11D0-8D11-00A0C91BC942}") = "Section_Challenge2", "Section_Challenge2\Section_Challenge2.vcxproj", "{8060C79F-B835-4506-944D-DE3C6D41069B}"
EndProject
Project("{8BC9CEB8-8B4A-11D0-8D11-00A0C91BC942}") = "Challenge_3", "Challenge_3\Challenge_3.vcxproj", "{7438640B-6C4C-4A8C-983D-70D0DDC50C1B}"
EndProject
Global
	GlobalSection(SolutionConfigurationPlatforms) = preSolution
		Debug|x64 = Debug|x64
		Debug|x86 = Debug|x86
		Release|x64 = Release|x64
		Release|x86 = Release|x86
	EndGlobalSection
	GlobalSection(ProjectConfigurationPlatforms) = postSolution
		{118BDD14-F26E-404C-BD12-D4FD6D1EA1B3}.Debug|x64.ActiveCfg = Debug|x64
		{118BDD14-F26E-404C-BD12-D4FD6D1EA1B3}.Debug|x64.Build.0 = Debug|x64
		{118BDD14-F26E-404C-BD12-D4FD6D1EA1B3}.Debug|x86.ActiveCfg = Debug|Win32
		{118BDD14-F26E-404C-BD12-D4FD6D1EA1B3}.Debug|x86.Build.0 = Debug|Win32
		{118BDD14-F26E-404C-BD12-D4FD6D1EA1B3}.Release|x64.ActiveCfg = Release|x64
		{118BDD14-F26E-404C-BD12-D4FD6D1EA1B3}.Release|x64.Build.0 = Release|x64
		{118BDD14-F26E-404C-BD12-D4FD6D1EA1B3}.Release|x86.ActiveCfg = Release|Win32
		{118BDD14-F26E-404C-BD12-D4FD6D1EA1B3}.Release|x86.Build.0 = Release|Win32
		{B79C7F08-6EE2-4751-AB08-10F82F6E6B91}.Debug|x64.ActiveCfg = Debug|x64
		{B79C7F08-6EE2-4751-AB08-10F82F6E6B91}.Debug|x64.Build.0 = Debug|x64
		{B79C7F08-6EE2-4751-AB08-10F82F6E6B91}.Debug|x86.ActiveCfg = Debug|Win32
		{B79C7F08-6EE2-4751-AB08-10F82F6E6B91}.Debug|x86.Build.0 = Debug|Win32
		{B79C7F08-6EE2-4751-AB08-10F82F6E6B91}.Release|x64.ActiveCfg = Release|x64
		{B79C7F08-6EE2-4751-AB08-10F82F6E6B91}.Release|x64.Build.0 = Release|x64
		{B79C7F08-6EE2-4751-AB08-10F82F6E6B91}.Release|x86.ActiveCfg = Release|Win32
		{B79C7F08-6EE2-4751-AB08-10F82F6E6B91}.Release|x86.Build.0 = Release|Win32
		{BC240578-018C-40F8-9010-DDA9C7C6A1D9}.Debug|x64.ActiveCfg = Debug|x64
		{BC240578-018C-40F8-9010-DDA9C7C6A1D9}.Debug|x64.Build.0 = Debug|x64
		{BC240578-018C-40F8-9010-DDA9C7C6A1D9}.Debug|x86.ActiveCfg = Debug|Win32
		{BC240578-018C-40F8-9010-DDA9C7C6A1D9}.Debug|x86.Build.0 = Debug|Win32
		{BC240578-018C-40F8-9010-DDA9C7C6A1D9}.Release|x64.ActiveCfg = Release|x64
		{BC240578-018C-40F8-9010-DDA9C7C6A1D9}.Release|x64.Build.0 = Release|x64
		{BC240578-018C-40F8-9010-DDA9C7C6A1D9}.Release|x86.ActiveCfg = Release|Win32
		{BC240578-018C-40F8-9010-DDA9C7C6A1D9}.Release|x86.Build.0 = Release|Win32
		{A61C3CFC-BB32-46AC-BB09-1F9EC61D6680}.Debug|x64.ActiveCfg = Debug|x64
		{A61C3CFC-BB32-46AC-BB09-1F9EC61D6680}.Debug|x64.Build.0 = Debug|x64
		{A61C3CFC-BB32-46AC-BB09-1F9EC61D6680}.Debug|x86.ActiveCfg = Debug|Win32
		{A61C3CFC-BB32-46AC-BB09-1F9EC61D6680}.Debug|x86.Build.0 = Debug|Win32
		{A61C3CFC-BB32-46AC-BB09-1F9EC61D6680}.Release|x64.ActiveCfg = Release|x64
		{A61C3CFC-BB32-46AC-BB09-1F9EC61D6680}.Release|x64.Build.0 = Release|x64
		{A61C3CFC-BB32-46AC-BB09-1F9EC61D6680}.Release|x86.ActiveCfg = Release|Win32
		{A61C3CFC-BB32-46AC-BB09-1F9EC61D6680}.Release|x86.Build.0 = Release|Win32
		{A6FA81B0-360A-4BED-9841-54C2FB65B6C6}.Debug|x64.ActiveCfg = Debug|x64
		{A6FA81B0-360A-4BED-9841-54C2FB65B6C6}.Debug|x64.Build.0 = Debug|x64
		{A6FA81B0-360A-4BED-9841-54C2FB65B6C6}.Debug|x86.ActiveCfg = Debug|Win32
		{A6FA81B0-360A-4BED-9841-54C2FB65B6C6}.Debug|x86.Build.0 = Debug|Win32
		{A6FA81B0-360A-4BED-9841-54C2FB65B6C6}.Release|x64.ActiveCfg = Release|x64
		{A6FA81B0-360A-4BED-9841-54C2FB65B6C6}.Release|x64.Build.0 = Release|x64
		{A6FA81B0-360A-4BED-9841-54C2FB65B6C6}.Release|x86.ActiveCfg = Release|Win32
		{A6FA81B0-360A-4BED-9841-54C2FB65B6C6}.Release|x86.Build.0 = Release|Win32
		{11F5C339-38CA-4D2F-948B-7FF68763F81E}.Debug|x64.ActiveCfg = Debug|x64
		{11F5C339-38CA-4D2F-948B-7FF68763F81E}.Debug|x64.Build.0 = Debug|x64
		{11F5C339-38CA-4D2F-948B-7FF68763F81E}.Debug|x86.ActiveCfg = Debug|Win32
		{11F5C339-38CA-4D2F-948B-7FF68763F81E}.Debug|x86.Build.0 = Debug|Win32
		{11F5C339-38CA-4D2F-948B-7FF68763F81E}.Release|x64.ActiveCfg = Release|x64
		{11F5C339-38CA-4D2F-948B-7FF68763F81E}.Release|x64.Build.0 = Release|x64
		{11F5C339-38CA-4D2F-948B-7FF68763F81E}.Release|x86.ActiveCfg = Release|Win32
		{11F5C339-38CA-4D2F-948B-7FF68763F81E}.Release|x86.Build.0 = Release|Win32
		{E68E662E-F776-4945-A4B1-6EACCEB837B3}.Debug|x64.ActiveCfg = Debug|x64
		{E68E662E-F776-4945-A4B1-6EACCEB837B3}.Debug|x64.Build.0 = Debug|x64
		{E68E662E-F776-4945-A4B1-6EACCEB837B3}.Debug|x86.ActiveCfg = Debug|Win32
		{E68E662E-F776-4945-A4B1-6EACCEB837B3}.Debug|x86.Build.0 = Debug|Win32
		{E68E662E-F776-4945-A4B1-6EACCEB837B3}.Release|x64.ActiveCfg = Release|x64
		{E68E662E-F776-4945-A4B1-6EACCEB837B3}.Release|x64.Build.0 = Release|x64
		{E68E662E-F776-4945-A4B1-6EACCEB837B3}.Release|x86.ActiveCfg = Release|Win32
		{E68E662E-F776-4945-A4B1-6EACCEB837B3}.Release|x86.Build.0 = Release|Win32
		{8060C79F-B835-4506-944D-DE3C6D41069B}.Debug|x64.ActiveCfg = Debug|x64
		{8060C79F-B835-4506-944D-DE3C6D41069B}.Debug|x64.Build.0 = Debug|x64
		{8060C79F-B835-4506-944D-DE3C6D41069B}.Debug|x86.ActiveCfg = Debug|Win32
		{8060C79F-B835-4506-944D-DE3C6D41069B}.Debug|x86.Build.0 = Debug|Win32
		{8060C79F-B835-4506-944D-DE3C6D41069B}.Release|x64.ActiveCfg = Release|x64
		{8060C79F-B835-4506-944D-DE3C6D41069B}.Release|x64.Build.0 = Release|x64
		{8060C79F-B835-4506-944D-DE3C6D41069B}.Release|x86.ActiveCfg = Release|Win32
		{8060C79F-B835-4506-944D-DE3C6D41069B}.Release|x86.Build.0 = Release|Win32
		{7438640B-6C4C-4A8C-983D-70D0DDC50C1B}.Debug|x64.ActiveCfg = Debug|x64
		{7438640B-6C4C-4A8C-983D-70D0DDC50C1B}.Debug|x64.Build.0 = Debug|x64
		{7438640B-6C4C-4A8C-983D-70D0DDC50C1B}.Debug|x86.ActiveCfg = Debug|Win32
		{7438640B-6C4C-4A8C-983D-70D0DDC50C1B}.Debug|x86.Build.0 = Debug|Win32
		{7438640B-6C4C-4A8C-983D-70D0DDC50C1B}.Release|x64.ActiveCfg = Release|x64
		{7438640B-6C4C-4A8C-983D-70D0DDC50C1B}.Release|x64.Build.0 = Release|x64
		{7438640B-6C4C-4A8C-983D-70D0DDC50C1B}.Release|x86.ActiveCfg = Release|Win32
		{7438640B-6C4C-4A8C-983D-70D0DDC50C1B}.Release|x86.Build.0 = Release|Win32
	EndGlobalSection
	GlobalSection(SolutionProperties) = preSolution
		HideSolutionNode = FALSE
	EndGlobalSection
	GlobalSection(ExtensibilityGlobals) = postSolution
		SolutionGuid = {A093C3F9-007C-4C5C-B63A-46A933BFFD7D}
	EndGlobalSection
EndGlobal
