
Microsoft Visual Studio Solution File, Format Version 12.00
# Visual Studio Version 17
VisualStudioVersion = 17.10.35013.160
MinimumVisualStudioVersion = 10.0.40219.1
Project("{8BC9CEB8-8B4A-11D0-8D11-00A0C91BC942}") = "Manip_Boolean", "Manip_Boolean\Manip_Boolean.vcxproj", "{118BDD14-F26E-404C-BD12-D4FD6D1EA1B3}"
EndProject
Project("{8BC9CEB8-8B4A-11D0-8D11-00A0C91BC942}") = "Manip_Integer", "Manip_Integer\Manip_Integer.vcxproj", "{B79C7F08-6EE2-4751-AB08-10F82F6E6B91}"
EndProject
Global
	GlobalSection(SolutionConfigurationPlatforms) = preSolution
		Debug|x64 = Debug|x64
		Debug|x86 = Debug|x86
		Release|x64 = Release|x64
		Release|x86 = Release|x86
	EndGlobalSection
	GlobalSection(ProjectConfigurationPlatforms) = postSolution
		{118BDD14-F26E-404C-BD12-D4FD6D1EA1B3}.Debug|x64.ActiveCfg = Debug|x64
		{118BDD14-F26E-404C-BD12-D4FD6D1EA1B3}.Debug|x64.Build.0 = Debug|x64
		{118BDD14-F26E-404C-BD12-D4FD6D1EA1B3}.Debug|x86.ActiveCfg = Debug|Win32
		{118BDD14-F26E-404C-BD12-D4FD6D1EA1B3}.Debug|x86.Build.0 = Debug|Win32
		{118BDD14-F26E-404C-BD12-D4FD6D1EA1B3}.Release|x64.ActiveCfg = Release|x64
		{118BDD14-F26E-404C-BD12-D4FD6D1EA1B3}.Release|x64.Build.0 = Release|x64
		{118BDD14-F26E-404C-BD12-D4FD6D1EA1B3}.Release|x86.ActiveCfg = Release|Win32
		{118BDD14-F26E-404C-BD12-D4FD6D1EA1B3}.Release|x86.Build.0 = Release|Win32
		{B79C7F08-6EE2-4751-AB08-10F82F6E6B91}.Debug|x64.ActiveCfg = Debug|x64
		{B79C7F08-6EE2-4751-AB08-10F82F6E6B91}.Debug|x64.Build.0 = Debug|x64
		{B79C7F08-6EE2-4751-AB08-10F82F6E6B91}.Debug|x86.ActiveCfg = Debug|Win32
		{B79C7F08-6EE2-4751-AB08-10F82F6E6B91}.Debug|x86.Build.0 = Debug|Win32
		{B79C7F08-6EE2-4751-AB08-10F82F6E6B91}.Release|x64.ActiveCfg = Release|x64
		{B79C7F08-6EE2-4751-AB08-10F82F6E6B91}.Release|x64.Build.0 = Release|x64
		{B79C7F08-6EE2-4751-AB08-10F82F6E6B91}.Release|x86.ActiveCfg = Release|Win32
		{B79C7F08-6EE2-4751-AB08-10F82F6E6B91}.Release|x86.Build.0 = Release|Win32
	EndGlobalSection
	GlobalSection(SolutionProperties) = preSolution
		HideSolutionNode = FALSE
	EndGlobalSection
	GlobalSection(ExtensibilityGlobals) = postSolution
		SolutionGuid = {A093C3F9-007C-4C5C-B63A-46A933BFFD7D}
	EndGlobalSection
EndGlobal
